
Microsoft Visual Studio Solution File, Format Version 12.00
# Visual Studio Version 16
VisualStudioVersion = 16.0.29926.136
MinimumVisualStudioVersion = 10.0.40219.1
Project("{9A19103F-16F7-4668-BE54-9A1E7A4F7556}") = "Quote-Generator", "Quote-Generator\Quote-Generator.csproj", "{E8F5F516-B3FB-4F97-8989-5B3FC9B71C94}"
EndProject
Project("{9A19103F-16F7-4668-BE54-9A1E7A4F7556}") = "Quote-Generator.Service", "Quote-Generator.Service\Quote-Generator.Service.csproj", "{72043397-7B95-41D9-8FDA-4C417AEA1DA4}"
EndProject
Project("{FAE04EC0-301F-11D3-BF4B-00C04F79EFBC}") = "Quote-Generator-WPF", "Quote-Generator-WPF\Quote-Generator-WPF.csproj", "{F3FF6FDF-EDC3-47D2-BA85-76AC573DBD92}"
EndProject
Global
	GlobalSection(SolutionConfigurationPlatforms) = preSolution
		Debug|Any CPU = Debug|Any CPU
		Release|Any CPU = Release|Any CPU
	EndGlobalSection
	GlobalSection(ProjectConfigurationPlatforms) = postSolution
		{E8F5F516-B3FB-4F97-8989-5B3FC9B71C94}.Debug|Any CPU.ActiveCfg = Debug|Any CPU
		{E8F5F516-B3FB-4F97-8989-5B3FC9B71C94}.Debug|Any CPU.Build.0 = Debug|Any CPU
		{E8F5F516-B3FB-4F97-8989-5B3FC9B71C94}.Release|Any CPU.ActiveCfg = Release|Any CPU
		{E8F5F516-B3FB-4F97-8989-5B3FC9B71C94}.Release|Any CPU.Build.0 = Release|Any CPU
		{72043397-7B95-41D9-8FDA-4C417AEA1DA4}.Debug|Any CPU.ActiveCfg = Debug|Any CPU
		{72043397-7B95-41D9-8FDA-4C417AEA1DA4}.Debug|Any CPU.Build.0 = Debug|Any CPU
		{72043397-7B95-41D9-8FDA-4C417AEA1DA4}.Release|Any CPU.ActiveCfg = Release|Any CPU
		{72043397-7B95-41D9-8FDA-4C417AEA1DA4}.Release|Any CPU.Build.0 = Release|Any CPU
		{F3FF6FDF-EDC3-47D2-BA85-76AC573DBD92}.Debug|Any CPU.ActiveCfg = Debug|Any CPU
		{F3FF6FDF-EDC3-47D2-BA85-76AC573DBD92}.Debug|Any CPU.Build.0 = Debug|Any CPU
		{F3FF6FDF-EDC3-47D2-BA85-76AC573DBD92}.Release|Any CPU.ActiveCfg = Release|Any CPU
		{F3FF6FDF-EDC3-47D2-BA85-76AC573DBD92}.Release|Any CPU.Build.0 = Release|Any CPU
	EndGlobalSection
	GlobalSection(SolutionProperties) = preSolution
		HideSolutionNode = FALSE
	EndGlobalSection
	GlobalSection(ExtensibilityGlobals) = postSolution
		SolutionGuid = {6005D5F6-F0DA-47C8-8214-2B505AC18D1C}
	EndGlobalSection
EndGlobal
